
Microsoft Visual Studio Solution File, Format Version 12.00
# Visual Studio Version 17
VisualStudioVersion = 17.7.34221.43
MinimumVisualStudioVersion = 10.0.40219.1
Project("{FAE04EC0-301F-11D3-BF4B-00C04F79EFBC}") = "kme", "kme.csproj", "{FBDD2B04-427E-465F-9CCE-765DA353CD05}"
EndProject
Global
	GlobalSection(SolutionConfigurationPlatforms) = preSolution
		Debug|Any CPU = Debug|Any CPU
		Release|Any CPU = Release|Any CPU
	EndGlobalSection
	GlobalSection(ProjectConfigurationPlatforms) = postSolution
		{FBDD2B04-427E-465F-9CCE-765DA353CD05}.Debug|Any CPU.ActiveCfg = Debug|Any CPU
		{FBDD2B04-427E-465F-9CCE-765DA353CD05}.Debug|Any CPU.Build.0 = Debug|Any CPU
		{FBDD2B04-427E-465F-9CCE-765DA353CD05}.Release|Any CPU.ActiveCfg = Release|Any CPU
		{FBDD2B04-427E-465F-9CCE-765DA353CD05}.Release|Any CPU.Build.0 = Release|Any CPU
	EndGlobalSection
	GlobalSection(SolutionProperties) = preSolution
		HideSolutionNode = FALSE
	EndGlobalSection
	GlobalSection(ExtensibilityGlobals) = postSolution
		SolutionGuid = {03BA3054-9BA5-4EF8-BA6D-66DE588CC7E4}
	EndGlobalSection
EndGlobal
